
Microsoft Visual Studio Solution File, Format Version 12.00
# Visual Studio 15
VisualStudioVersion = 15.0.26730.16
MinimumVisualStudioVersion = 10.0.40219.1
Project("{FAE04EC0-301F-11D3-BF4B-00C04F79EFBC}") = "SimpleExplorer", "SimpleExplorer\SimpleExplorer.csproj", "{712890A1-E78C-4AE0-9CD0-AF23EAEEAA18}"
EndProject
Global
	GlobalSection(SolutionConfigurationPlatforms) = preSolution
		Debug|Any CPU = Debug|Any CPU
		Release|Any CPU = Release|Any CPU
	EndGlobalSection
	GlobalSection(ProjectConfigurationPlatforms) = postSolution
		{712890A1-E78C-4AE0-9CD0-AF23EAEEAA18}.Debug|Any CPU.ActiveCfg = Debug|Any CPU
		{712890A1-E78C-4AE0-9CD0-AF23EAEEAA18}.Debug|Any CPU.Build.0 = Debug|Any CPU
		{712890A1-E78C-4AE0-9CD0-AF23EAEEAA18}.Release|Any CPU.ActiveCfg = Release|Any CPU
		{712890A1-E78C-4AE0-9CD0-AF23EAEEAA18}.Release|Any CPU.Build.0 = Release|Any CPU
	EndGlobalSection
	GlobalSection(SolutionProperties) = preSolution
		HideSolutionNode = FALSE
	EndGlobalSection
	GlobalSection(ExtensibilityGlobals) = postSolution
		SolutionGuid = {9693C12C-7506-41C7-BC8F-1E43D7FA1DAD}
	EndGlobalSection
EndGlobal
